
Microsoft Visual Studio Solution File, Format Version 12.00
# Visual Studio 14
VisualStudioVersion = 14.0.23107.0
MinimumVisualStudioVersion = 10.0.40219.1
Project("{FAE04EC0-301F-11D3-BF4B-00C04F79EFBC}") = "EdgeWebDriverHarness", "EdgeWebDriverHarness\EdgeWebDriverHarness.csproj", "{558090C2-D0AD-45D6-9DFB-D15A8E52D340}"
EndProject
Project("{2150E333-8FDC-42A3-9474-1A3956D46DE8}") = "Files", "Files", "{8EE58D95-A799-41D1-BF68-DAB0B2C52029}"
	ProjectSection(SolutionItems) = preProject
		LICENSE = LICENSE
		README.md = README.md
	EndProjectSection
EndProject
Global
	GlobalSection(SolutionConfigurationPlatforms) = preSolution
		Debug|Any CPU = Debug|Any CPU
		Release|Any CPU = Release|Any CPU
	EndGlobalSection
	GlobalSection(ProjectConfigurationPlatforms) = postSolution
		{558090C2-D0AD-45D6-9DFB-D15A8E52D340}.Debug|Any CPU.ActiveCfg = Debug|Any CPU
		{558090C2-D0AD-45D6-9DFB-D15A8E52D340}.Debug|Any CPU.Build.0 = Debug|Any CPU
		{558090C2-D0AD-45D6-9DFB-D15A8E52D340}.Release|Any CPU.ActiveCfg = Release|Any CPU
		{558090C2-D0AD-45D6-9DFB-D15A8E52D340}.Release|Any CPU.Build.0 = Release|Any CPU
	EndGlobalSection
	GlobalSection(SolutionProperties) = preSolution
		HideSolutionNode = FALSE
	EndGlobalSection
EndGlobal
